{
  "nodes": {
    "arkenfox-user-js": {
      "flake": false,
      "locked": {
        "lastModified": 1755109759,
        "narHash": "sha256-+DN5bKev9IyefMikOqEWZf/u0flJbLAxwEotGhKSSS4=",
        "owner": "arkenfox",
        "repo": "user.js",
        "rev": "9103afafff2b5287b495c1a1268968fdb447d66f",
        "type": "github"
      },
      "original": {
        "owner": "arkenfox",
        "repo": "user.js",
        "type": "github"
      }
    },
    "nixpkgs": {
      "locked": {
        "lastModified": 1760284886,
        "narHash": "sha256-TK9Kr0BYBQ/1P5kAsnNQhmWWKgmZXwUQr4ZMjCzWf2c=",
        "owner": "nixos",
        "repo": "nixpkgs",
        "rev": "cf3f5c4def3c7b5f1fc012b3d839575dbe552d43",
        "type": "github"
      },
      "original": {
        "owner": "nixos",
        "ref": "nixos-unstable",
        "repo": "nixpkgs",
        "type": "github"
      }
    },
    "root": {
      "inputs": {
        "arkenfox-user-js": "arkenfox-user-js",
        "nixpkgs": "nixpkgs"
      }
    }
  },
  "root": "root",
  "version": 7
}
