{
  "nodes": {
    "arkenfox-user-js": {
      "flake": false,
      "locked": {
        "lastModified": 1745247844,
        "narHash": "sha256-YfgmhyqLH067pjqRSeCpfqFkeaac1nBvsKcrRNkKw7o=",
        "owner": "arkenfox",
        "repo": "user.js",
        "rev": "7f852e94fc80fd0aa19f1c948319974e3301187f",
        "type": "github"
      },
      "original": {
        "owner": "arkenfox",
        "repo": "user.js",
        "type": "github"
      }
    },
    "nixpkgs": {
      "locked": {
        "lastModified": 1754725699,
        "narHash": "sha256-iAcj9T/Y+3DBy2J0N+yF9XQQQ8IEb5swLFzs23CdP88=",
        "owner": "nixos",
        "repo": "nixpkgs",
        "rev": "85dbfc7aaf52ecb755f87e577ddbe6dbbdbc1054",
        "type": "github"
      },
      "original": {
        "owner": "nixos",
        "ref": "nixos-unstable",
        "repo": "nixpkgs",
        "type": "github"
      }
    },
    "root": {
      "inputs": {
        "arkenfox-user-js": "arkenfox-user-js",
        "nixpkgs": "nixpkgs"
      }
    }
  },
  "root": "root",
  "version": 7
}
