{
  "nodes": {
    "arkenfox-user-js": {
      "flake": false,
      "locked": {
        "lastModified": 1788925726,
        "narHash": "sha256-ykWxZZlwhdyLoP3+TDh90HRJJ2ekg4Ve1PTCTgwtzKE=",
        "owner": "arkenfox",
        "repo": "user.js",
        "rev": "fb56d7bb4ed07898c9d94ca7ecc89697dd88cc3c",
        "type": "github"
      },
      "original": {
        "owner": "arkenfox",
        "repo": "user.js",
        "type": "github"
      }
    },
    "nixpkgs": {
      "locked": {
        "lastModified": 1790185690,
        "narHash": "sha256-xJ+X4hBtOcAFGBOe5nAMyMUeF9foJBmIOu3NjBqBycU=",
        "owner": "nixos",
        "repo": "nixpkgs",
        "rev": "4975466d324710c576dc11ad614684e6bd8cad8e",
        "type": "github"
      },
      "original": {
        "owner": "nixos",
        "ref": "nixos-unstable",
        "repo": "nixpkgs",
        "type": "github"
      }
    },
    "root": {
      "inputs": {
        "arkenfox-user-js": "arkenfox-user-js",
        "nixpkgs": "nixpkgs"
      }
    }
  },
  "root": "root",
  "version": 7
}
